// !$*UTF8*$!
{
	archiveVersion = 1;
	classes = {
	};
	objectVersion = 56;
	objects = {

/* Begin PBXBuildFile section */
		2E5797372C27696A004B737F /* Berkeley_AI_HackathonApp.swift in Sources */ = {isa = PBXBuildFile; fileRef = 2E5797362C27696A004B737F /* Berkeley_AI_HackathonApp.swift */; };
		2E5797392C27696A004B737F /* ContentView.swift in Sources */ = {isa = PBXBuildFile; fileRef = 2E5797382C27696A004B737F /* ContentView.swift */; };
		2E57973B2C27696B004B737F /* Assets.xcassets in Resources */ = {isa = PBXBuildFile; fileRef = 2E57973A2C27696B004B737F /* Assets.xcassets */; };
		2E57973E2C27696B004B737F /* Preview Assets.xcassets in Resources */ = {isa = PBXBuildFile; fileRef = 2E57973D2C27696B004B737F /* Preview Assets.xcassets */; };
		2E5797512C27939E004B737F /* Home.swift in Sources */ = {isa = PBXBuildFile; fileRef = 2E5797502C27939E004B737F /* Home.swift */; };
		2E57975C2C27987F004B737F /* DefaultEnvironment.swift in Sources */ = {isa = PBXBuildFile; fileRef = 2E57975B2C27987F004B737F /* DefaultEnvironment.swift */; };
		2E57975E2C27B06A004B737F /* Settings.swift in Sources */ = {isa = PBXBuildFile; fileRef = 2E57975D2C27B06A004B737F /* Settings.swift */; };
		2E5797602C27B15A004B737F /* GrowthSpace.swift in Sources */ = {isa = PBXBuildFile; fileRef = 2E57975F2C27B15A004B737F /* GrowthSpace.swift */; };
		2E57976B2C27DA58004B737F /* Message.swift in Sources */ = {isa = PBXBuildFile; fileRef = 2E57976A2C27DA58004B737F /* Message.swift */; };
		2E57976D2C27DB8B004B737F /* Configurations.swift in Sources */ = {isa = PBXBuildFile; fileRef = 2E57976C2C27DB8B004B737F /* Configurations.swift */; };
		2E57976F2C27DD08004B737F /* ProblemSeshChat.swift in Sources */ = {isa = PBXBuildFile; fileRef = 2E57976E2C27DD08004B737F /* ProblemSeshChat.swift */; };
		2E5797712C27E0AA004B737F /* ConfigurationsView.swift in Sources */ = {isa = PBXBuildFile; fileRef = 2E5797702C27E0AA004B737F /* ConfigurationsView.swift */; };
		2E5797742C27E831004B737F /* LearningPlatforms.swift in Sources */ = {isa = PBXBuildFile; fileRef = 2E5797732C27E831004B737F /* LearningPlatforms.swift */; };
		2E5797782C27EF6F004B737F /* WhatisXResponse.swift in Sources */ = {isa = PBXBuildFile; fileRef = 2E5797772C27EF6F004B737F /* WhatisXResponse.swift */; };
		2EB9CB1D2C87DEBF00C6FC56 /* PerplexityAPIClient.swift in Sources */ = {isa = PBXBuildFile; fileRef = 2EB9CB1C2C87DEBF00C6FC56 /* PerplexityAPIClient.swift */; };
		2EB9CB1F2C87E1FE00C6FC56 /* PerplexityViewModel.swift in Sources */ = {isa = PBXBuildFile; fileRef = 2EB9CB1E2C87E1FE00C6FC56 /* PerplexityViewModel.swift */; };
		2EB9CB212C87E23300C6FC56 /* PerplexityView.swift in Sources */ = {isa = PBXBuildFile; fileRef = 2EB9CB202C87E23300C6FC56 /* PerplexityView.swift */; };
		2EB9CB232C881C6000C6FC56 /* ConfigurationsViewModel.swift in Sources */ = {isa = PBXBuildFile; fileRef = 2EB9CB222C881C6000C6FC56 /* ConfigurationsViewModel.swift */; };
		2EB9CB252C88817600C6FC56 /* DataStore.swift in Sources */ = {isa = PBXBuildFile; fileRef = 2EB9CB242C88817600C6FC56 /* DataStore.swift */; };
		2EB9CB282C88A4E500C6FC56 /* SpeechRecognizer.swift in Sources */ = {isa = PBXBuildFile; fileRef = 2EB9CB272C88A4E500C6FC56 /* SpeechRecognizer.swift */; };
		2EB9CB2C2C894A4800C6FC56 /* AudioRecorder.swift in Sources */ = {isa = PBXBuildFile; fileRef = 2EB9CB2B2C894A4800C6FC56 /* AudioRecorder.swift */; };
		2EBB07342C3F5BE20063FE15 /* Berkeley_AI_HackathonTests.swift in Sources */ = {isa = PBXBuildFile; fileRef = 2EBB07332C3F5BE20063FE15 /* Berkeley_AI_HackathonTests.swift */; };
		2EBB073D2C3F5DB60063FE15 /* FunctionsTesting.swift in Sources */ = {isa = PBXBuildFile; fileRef = 2EBB073C2C3F5DB60063FE15 /* FunctionsTesting.swift */; };
		2EBB07462C3F7A440063FE15 /* DefaultEnvironmentModel.swift in Sources */ = {isa = PBXBuildFile; fileRef = 2EBB07452C3F7A440063FE15 /* DefaultEnvironmentModel.swift */; };
		2EBB07482C3F7A770063FE15 /* GrowthSpaceModel.swift in Sources */ = {isa = PBXBuildFile; fileRef = 2EBB07472C3F7A770063FE15 /* GrowthSpaceModel.swift */; };
		DDA2A647105853654DBC646B /* Pods_Berkeley_AI_Hackathon.framework in Frameworks */ = {isa = PBXBuildFile; fileRef = 9E59852CADBFE1ED1BDB1CCB /* Pods_Berkeley_AI_Hackathon.framework */; };
/* End PBXBuildFile section */

/* Begin PBXContainerItemProxy section */
		2EBB07352C3F5BE20063FE15 /* PBXContainerItemProxy */ = {
			isa = PBXContainerItemProxy;
			containerPortal = 2E57972B2C27696A004B737F /* Project object */;
			proxyType = 1;
			remoteGlobalIDString = 2E5797322C27696A004B737F;
			remoteInfo = Berkeley_AI_Hackathon;
		};
/* End PBXContainerItemProxy section */

/* Begin PBXCopyFilesBuildPhase section */
		2E57977A2C2835B0004B737F /* Embed Frameworks */ = {
			isa = PBXCopyFilesBuildPhase;
			buildActionMask = 2147483647;
			dstPath = "";
			dstSubfolderSpec = 10;
			files = (
			);
			name = "Embed Frameworks";
			runOnlyForDeploymentPostprocessing = 0;
		};
/* End PBXCopyFilesBuildPhase section */

/* Begin PBXFileReference section */
		1D0E7E3979E8286F084BB941 /* Pods-Berkeley_AI_Hackathon.debug.xcconfig */ = {isa = PBXFileReference; includeInIndex = 1; lastKnownFileType = text.xcconfig; name = "Pods-Berkeley_AI_Hackathon.debug.xcconfig"; path = "Target Support Files/Pods-Berkeley_AI_Hackathon/Pods-Berkeley_AI_Hackathon.debug.xcconfig"; sourceTree = "<group>"; };
		2E5797332C27696A004B737F /* Berkeley_AI_Hackathon.app */ = {isa = PBXFileReference; explicitFileType = wrapper.application; includeInIndex = 0; path = Berkeley_AI_Hackathon.app; sourceTree = BUILT_PRODUCTS_DIR; };
		2E5797362C27696A004B737F /* Berkeley_AI_HackathonApp.swift */ = {isa = PBXFileReference; lastKnownFileType = sourcecode.swift; path = Berkeley_AI_HackathonApp.swift; sourceTree = "<group>"; };
		2E5797382C27696A004B737F /* ContentView.swift */ = {isa = PBXFileReference; lastKnownFileType = sourcecode.swift; path = ContentView.swift; sourceTree = "<group>"; };
		2E57973A2C27696B004B737F /* Assets.xcassets */ = {isa = PBXFileReference; lastKnownFileType = folder.assetcatalog; path = Assets.xcassets; sourceTree = "<group>"; };
		2E57973D2C27696B004B737F /* Preview Assets.xcassets */ = {isa = PBXFileReference; lastKnownFileType = folder.assetcatalog; path = "Preview Assets.xcassets"; sourceTree = "<group>"; };
		2E5797502C27939E004B737F /* Home.swift */ = {isa = PBXFileReference; lastKnownFileType = sourcecode.swift; path = Home.swift; sourceTree = "<group>"; };
		2E57975B2C27987F004B737F /* DefaultEnvironment.swift */ = {isa = PBXFileReference; lastKnownFileType = sourcecode.swift; path = DefaultEnvironment.swift; sourceTree = "<group>"; };
		2E57975D2C27B06A004B737F /* Settings.swift */ = {isa = PBXFileReference; lastKnownFileType = sourcecode.swift; path = Settings.swift; sourceTree = "<group>"; };
		2E57975F2C27B15A004B737F /* GrowthSpace.swift */ = {isa = PBXFileReference; lastKnownFileType = sourcecode.swift; path = GrowthSpace.swift; sourceTree = "<group>"; };
		2E57976A2C27DA58004B737F /* Message.swift */ = {isa = PBXFileReference; lastKnownFileType = sourcecode.swift; path = Message.swift; sourceTree = "<group>"; };
		2E57976C2C27DB8B004B737F /* Configurations.swift */ = {isa = PBXFileReference; lastKnownFileType = sourcecode.swift; path = Configurations.swift; sourceTree = "<group>"; };
		2E57976E2C27DD08004B737F /* ProblemSeshChat.swift */ = {isa = PBXFileReference; lastKnownFileType = sourcecode.swift; path = ProblemSeshChat.swift; sourceTree = "<group>"; };
		2E5797702C27E0AA004B737F /* ConfigurationsView.swift */ = {isa = PBXFileReference; lastKnownFileType = sourcecode.swift; path = ConfigurationsView.swift; sourceTree = "<group>"; };
		2E5797732C27E831004B737F /* LearningPlatforms.swift */ = {isa = PBXFileReference; lastKnownFileType = sourcecode.swift; path = LearningPlatforms.swift; sourceTree = "<group>"; };
		2E5797772C27EF6F004B737F /* WhatisXResponse.swift */ = {isa = PBXFileReference; lastKnownFileType = sourcecode.swift; path = WhatisXResponse.swift; sourceTree = "<group>"; };
		2EB9CB1C2C87DEBF00C6FC56 /* PerplexityAPIClient.swift */ = {isa = PBXFileReference; lastKnownFileType = sourcecode.swift; path = PerplexityAPIClient.swift; sourceTree = "<group>"; };
		2EB9CB1E2C87E1FE00C6FC56 /* PerplexityViewModel.swift */ = {isa = PBXFileReference; lastKnownFileType = sourcecode.swift; path = PerplexityViewModel.swift; sourceTree = "<group>"; };
		2EB9CB202C87E23300C6FC56 /* PerplexityView.swift */ = {isa = PBXFileReference; lastKnownFileType = sourcecode.swift; path = PerplexityView.swift; sourceTree = "<group>"; };
		2EB9CB222C881C6000C6FC56 /* ConfigurationsViewModel.swift */ = {isa = PBXFileReference; lastKnownFileType = sourcecode.swift; path = ConfigurationsViewModel.swift; sourceTree = "<group>"; };
		2EB9CB242C88817600C6FC56 /* DataStore.swift */ = {isa = PBXFileReference; lastKnownFileType = sourcecode.swift; path = DataStore.swift; sourceTree = "<group>"; };
		2EB9CB272C88A4E500C6FC56 /* SpeechRecognizer.swift */ = {isa = PBXFileReference; lastKnownFileType = sourcecode.swift; path = SpeechRecognizer.swift; sourceTree = "<group>"; };
		2EB9CB2B2C894A4800C6FC56 /* AudioRecorder.swift */ = {isa = PBXFileReference; lastKnownFileType = sourcecode.swift; path = AudioRecorder.swift; sourceTree = "<group>"; };
		2EBB07312C3F5BE20063FE15 /* Berkeley_AI_HackathonTests.xctest */ = {isa = PBXFileReference; explicitFileType = wrapper.cfbundle; includeInIndex = 0; path = Berkeley_AI_HackathonTests.xctest; sourceTree = BUILT_PRODUCTS_DIR; };
		2EBB07332C3F5BE20063FE15 /* Berkeley_AI_HackathonTests.swift */ = {isa = PBXFileReference; lastKnownFileType = sourcecode.swift; path = Berkeley_AI_HackathonTests.swift; sourceTree = "<group>"; };
		2EBB073C2C3F5DB60063FE15 /* FunctionsTesting.swift */ = {isa = PBXFileReference; lastKnownFileType = sourcecode.swift; path = FunctionsTesting.swift; sourceTree = "<group>"; };
		2EBB07452C3F7A440063FE15 /* DefaultEnvironmentModel.swift */ = {isa = PBXFileReference; lastKnownFileType = sourcecode.swift; path = DefaultEnvironmentModel.swift; sourceTree = "<group>"; };
		2EBB07472C3F7A770063FE15 /* GrowthSpaceModel.swift */ = {isa = PBXFileReference; lastKnownFileType = sourcecode.swift; path = GrowthSpaceModel.swift; sourceTree = "<group>"; };
		73410D8637E7D4AC4082134E /* Pods-Berkeley_AI_Hackathon.release.xcconfig */ = {isa = PBXFileReference; includeInIndex = 1; lastKnownFileType = text.xcconfig; name = "Pods-Berkeley_AI_Hackathon.release.xcconfig"; path = "Target Support Files/Pods-Berkeley_AI_Hackathon/Pods-Berkeley_AI_Hackathon.release.xcconfig"; sourceTree = "<group>"; };
		9E59852CADBFE1ED1BDB1CCB /* Pods_Berkeley_AI_Hackathon.framework */ = {isa = PBXFileReference; explicitFileType = wrapper.framework; includeInIndex = 0; path = Pods_Berkeley_AI_Hackathon.framework; sourceTree = BUILT_PRODUCTS_DIR; };
/* End PBXFileReference section */

/* Begin PBXFrameworksBuildPhase section */
		2E5797302C27696A004B737F /* Frameworks */ = {
			isa = PBXFrameworksBuildPhase;
			buildActionMask = 2147483647;
			files = (
				DDA2A647105853654DBC646B /* Pods_Berkeley_AI_Hackathon.framework in Frameworks */,
			);
			runOnlyForDeploymentPostprocessing = 0;
		};
		2EBB072E2C3F5BE20063FE15 /* Frameworks */ = {
			isa = PBXFrameworksBuildPhase;
			buildActionMask = 2147483647;
			files = (
			);
			runOnlyForDeploymentPostprocessing = 0;
		};
/* End PBXFrameworksBuildPhase section */

/* Begin PBXGroup section */
		2E57972A2C27696A004B737F = {
			isa = PBXGroup;
			children = (
				2E5797352C27696A004B737F /* Berkeley_AI_Hackathon */,
				2EBB07322C3F5BE20063FE15 /* Berkeley_AI_HackathonTests */,
				2E5797342C27696A004B737F /* Products */,
				70BB63720C17D5AB5C58C7E8 /* Pods */,
				A27F723A5FE60D22A9CA6BBD /* Frameworks */,
			);
			sourceTree = "<group>";
		};
		2E5797342C27696A004B737F /* Products */ = {
			isa = PBXGroup;
			children = (
				2E5797332C27696A004B737F /* Berkeley_AI_Hackathon.app */,
				2EBB07312C3F5BE20063FE15 /* Berkeley_AI_HackathonTests.xctest */,
			);
			name = Products;
			sourceTree = "<group>";
		};
		2E5797352C27696A004B737F /* Berkeley_AI_Hackathon */ = {
			isa = PBXGroup;
			children = (
				2EBB074F2C3F7C610063FE15 /* Utilities */,
				2E5797532C279631004B737F /* Root */,
				2EBB073F2C3F756F0063FE15 /* Views */,
				2E5797692C27DA3D004B737F /* Models */,
				2E57973A2C27696B004B737F /* Assets.xcassets */,
				2E57973C2C27696B004B737F /* Preview Content */,
			);
			path = Berkeley_AI_Hackathon;
			sourceTree = "<group>";
		};
		2E57973C2C27696B004B737F /* Preview Content */ = {
			isa = PBXGroup;
			children = (
				2E57973D2C27696B004B737F /* Preview Assets.xcassets */,
			);
			path = "Preview Content";
			sourceTree = "<group>";
		};
		2E5797462C279253004B737F /* Settings */ = {
			isa = PBXGroup;
			children = (
				2E57975D2C27B06A004B737F /* Settings.swift */,
				2E5797702C27E0AA004B737F /* ConfigurationsView.swift */,
				2EB9CB222C881C6000C6FC56 /* ConfigurationsViewModel.swift */,
			);
			path = Settings;
			sourceTree = "<group>";
		};
		2E5797472C27926D004B737F /* Growth Space */ = {
			isa = PBXGroup;
			children = (
				2E57975F2C27B15A004B737F /* GrowthSpace.swift */,
				2EBB07472C3F7A770063FE15 /* GrowthSpaceModel.swift */,
			);
			path = "Growth Space";
			sourceTree = "<group>";
		};
		2E5797532C279631004B737F /* Root */ = {
			isa = PBXGroup;
			children = (
				2E5797362C27696A004B737F /* Berkeley_AI_HackathonApp.swift */,
				2E5797382C27696A004B737F /* ContentView.swift */,
				2EB9CB242C88817600C6FC56 /* DataStore.swift */,
				2EBB07432C3F77200063FE15 /* Misc. */,
			);
			path = Root;
			sourceTree = "<group>";
		};
		2E5797692C27DA3D004B737F /* Models */ = {
			isa = PBXGroup;
			children = (
				2E57976A2C27DA58004B737F /* Message.swift */,
				2E5797772C27EF6F004B737F /* WhatisXResponse.swift */,
				2E57976C2C27DB8B004B737F /* Configurations.swift */,
			);
			path = Models;
			sourceTree = "<group>";
		};
		2EB9CB262C88A4D800C6FC56 /* Speech */ = {
			isa = PBXGroup;
			children = (
				2EB9CB272C88A4E500C6FC56 /* SpeechRecognizer.swift */,
			);
			path = Speech;
			sourceTree = "<group>";
		};
		2EBB07322C3F5BE20063FE15 /* Berkeley_AI_HackathonTests */ = {
			isa = PBXGroup;
			children = (
				2EBB07332C3F5BE20063FE15 /* Berkeley_AI_HackathonTests.swift */,
			);
			path = Berkeley_AI_HackathonTests;
			sourceTree = "<group>";
		};
		2EBB073F2C3F756F0063FE15 /* Views */ = {
			isa = PBXGroup;
			children = (
				2E5797502C27939E004B737F /* Home.swift */,
				2E57976E2C27DD08004B737F /* ProblemSeshChat.swift */,
				2EBB074D2C3F7AD60063FE15 /* LearningPlatforms */,
				2EBB07442C3F7A0D0063FE15 /* DefaultEnvironment */,
				2E5797462C279253004B737F /* Settings */,
				2E5797472C27926D004B737F /* Growth Space */,
			);
			path = Views;
			sourceTree = "<group>";
		};
		2EBB07432C3F77200063FE15 /* Misc. */ = {
			isa = PBXGroup;
			children = (
				2EBB073C2C3F5DB60063FE15 /* FunctionsTesting.swift */,
			);
			path = Misc.;
			sourceTree = "<group>";
		};
		2EBB07442C3F7A0D0063FE15 /* DefaultEnvironment */ = {
			isa = PBXGroup;
			children = (
				2EB9CB262C88A4D800C6FC56 /* Speech */,
				2E57975B2C27987F004B737F /* DefaultEnvironment.swift */,
				2EBB07452C3F7A440063FE15 /* DefaultEnvironmentModel.swift */,
			);
			path = DefaultEnvironment;
			sourceTree = "<group>";
		};
		2EBB074D2C3F7AD60063FE15 /* LearningPlatforms */ = {
			isa = PBXGroup;
			children = (
				2E5797732C27E831004B737F /* LearningPlatforms.swift */,
			);
			path = LearningPlatforms;
			sourceTree = "<group>";
		};
		2EBB074F2C3F7C610063FE15 /* Utilities */ = {
			isa = PBXGroup;
			children = (
				2EB9CB1C2C87DEBF00C6FC56 /* PerplexityAPIClient.swift */,
				2EB9CB1E2C87E1FE00C6FC56 /* PerplexityViewModel.swift */,
				2EB9CB202C87E23300C6FC56 /* PerplexityView.swift */,
				2EB9CB2B2C894A4800C6FC56 /* AudioRecorder.swift */,
			);
			path = Utilities;
			sourceTree = "<group>";
		};
		70BB63720C17D5AB5C58C7E8 /* Pods */ = {
			isa = PBXGroup;
			children = (
				1D0E7E3979E8286F084BB941 /* Pods-Berkeley_AI_Hackathon.debug.xcconfig */,
				73410D8637E7D4AC4082134E /* Pods-Berkeley_AI_Hackathon.release.xcconfig */,
			);
			path = Pods;
			sourceTree = "<group>";
		};
		A27F723A5FE60D22A9CA6BBD /* Frameworks */ = {
			isa = PBXGroup;
			children = (
				9E59852CADBFE1ED1BDB1CCB /* Pods_Berkeley_AI_Hackathon.framework */,
			);
			name = Frameworks;
			sourceTree = "<group>";
		};
/* End PBXGroup section */

/* Begin PBXNativeTarget section */
		2E5797322C27696A004B737F /* Berkeley_AI_Hackathon */ = {
			isa = PBXNativeTarget;
			buildConfigurationList = 2E5797412C27696B004B737F /* Build configuration list for PBXNativeTarget "Berkeley_AI_Hackathon" */;
			buildPhases = (
				23C9B4D5D3A48D210B980FA7 /* [CP] Check Pods Manifest.lock */,
				2E57972F2C27696A004B737F /* Sources */,
				2E5797302C27696A004B737F /* Frameworks */,
				2E5797312C27696A004B737F /* Resources */,
				2E57977A2C2835B0004B737F /* Embed Frameworks */,
				85F0D249C036F446B71A5883 /* [CP] Embed Pods Frameworks */,
			);
			buildRules = (
			);
			dependencies = (
			);
			name = Berkeley_AI_Hackathon;
			productName = Berkeley_AI_Hackathon;
			productReference = 2E5797332C27696A004B737F /* Berkeley_AI_Hackathon.app */;
			productType = "com.apple.product-type.application";
		};
		2EBB07302C3F5BE20063FE15 /* Berkeley_AI_HackathonTests */ = {
			isa = PBXNativeTarget;
			buildConfigurationList = 2EBB07392C3F5BE20063FE15 /* Build configuration list for PBXNativeTarget "Berkeley_AI_HackathonTests" */;
			buildPhases = (
				2EBB072D2C3F5BE20063FE15 /* Sources */,
				2EBB072E2C3F5BE20063FE15 /* Frameworks */,
				2EBB072F2C3F5BE20063FE15 /* Resources */,
			);
			buildRules = (
			);
			dependencies = (
				2EBB07362C3F5BE20063FE15 /* PBXTargetDependency */,
			);
			name = Berkeley_AI_HackathonTests;
			productName = Berkeley_AI_HackathonTests;
			productReference = 2EBB07312C3F5BE20063FE15 /* Berkeley_AI_HackathonTests.xctest */;
			productType = "com.apple.product-type.bundle.unit-test";
		};
/* End PBXNativeTarget section */

/* Begin PBXProject section */
		2E57972B2C27696A004B737F /* Project object */ = {
			isa = PBXProject;
			attributes = {
				BuildIndependentTargetsInParallel = 1;
				LastSwiftUpdateCheck = 1500;
				LastUpgradeCheck = 1500;
				TargetAttributes = {
					2E5797322C27696A004B737F = {
						CreatedOnToolsVersion = 15.0;
					};
					2EBB07302C3F5BE20063FE15 = {
						CreatedOnToolsVersion = 15.0;
						TestTargetID = 2E5797322C27696A004B737F;
					};
				};
			};
			buildConfigurationList = 2E57972E2C27696A004B737F /* Build configuration list for PBXProject "Berkeley_AI_Hackathon" */;
			compatibilityVersion = "Xcode 14.0";
			developmentRegion = en;
			hasScannedForEncodings = 0;
			knownRegions = (
				en,
				Base,
			);
			mainGroup = 2E57972A2C27696A004B737F;
			packageReferences = (
			);
			productRefGroup = 2E5797342C27696A004B737F /* Products */;
			projectDirPath = "";
			projectRoot = "";
			targets = (
				2E5797322C27696A004B737F /* Berkeley_AI_Hackathon */,
				2EBB07302C3F5BE20063FE15 /* Berkeley_AI_HackathonTests */,
			);
		};
/* End PBXProject section */

/* Begin PBXResourcesBuildPhase section */
		2E5797312C27696A004B737F /* Resources */ = {
			isa = PBXResourcesBuildPhase;
			buildActionMask = 2147483647;
			files = (
				2E57973E2C27696B004B737F /* Preview Assets.xcassets in Resources */,
				2E57973B2C27696B004B737F /* Assets.xcassets in Resources */,
			);
			runOnlyForDeploymentPostprocessing = 0;
		};
		2EBB072F2C3F5BE20063FE15 /* Resources */ = {
			isa = PBXResourcesBuildPhase;
			buildActionMask = 2147483647;
			files = (
			);
			runOnlyForDeploymentPostprocessing = 0;
		};
/* End PBXResourcesBuildPhase section */

/* Begin PBXShellScriptBuildPhase section */
		23C9B4D5D3A48D210B980FA7 /* [CP] Check Pods Manifest.lock */ = {
			isa = PBXShellScriptBuildPhase;
			buildActionMask = 2147483647;
			files = (
			);
			inputFileListPaths = (
			);
			inputPaths = (
				"${PODS_PODFILE_DIR_PATH}/Podfile.lock",
				"${PODS_ROOT}/Manifest.lock",
			);
			name = "[CP] Check Pods Manifest.lock";
			outputFileListPaths = (
			);
			outputPaths = (
				"$(DERIVED_FILE_DIR)/Pods-Berkeley_AI_Hackathon-checkManifestLockResult.txt",
			);
			runOnlyForDeploymentPostprocessing = 0;
			shellPath = /bin/sh;
			shellScript = "diff \"${PODS_PODFILE_DIR_PATH}/Podfile.lock\" \"${PODS_ROOT}/Manifest.lock\" > /dev/null\nif [ $? != 0 ] ; then\n    # print error to STDERR\n    echo \"error: The sandbox is not in sync with the Podfile.lock. Run 'pod install' or update your CocoaPods installation.\" >&2\n    exit 1\nfi\n# This output is used by Xcode 'outputs' to avoid re-running this script phase.\necho \"SUCCESS\" > \"${SCRIPT_OUTPUT_FILE_0}\"\n";
			showEnvVarsInLog = 0;
		};
		85F0D249C036F446B71A5883 /* [CP] Embed Pods Frameworks */ = {
			isa = PBXShellScriptBuildPhase;
			buildActionMask = 2147483647;
			files = (
			);
			inputFileListPaths = (
				"${PODS_ROOT}/Target Support Files/Pods-Berkeley_AI_Hackathon/Pods-Berkeley_AI_Hackathon-frameworks-${CONFIGURATION}-input-files.xcfilelist",
			);
			name = "[CP] Embed Pods Frameworks";
			outputFileListPaths = (
				"${PODS_ROOT}/Target Support Files/Pods-Berkeley_AI_Hackathon/Pods-Berkeley_AI_Hackathon-frameworks-${CONFIGURATION}-output-files.xcfilelist",
			);
			runOnlyForDeploymentPostprocessing = 0;
			shellPath = /bin/sh;
			shellScript = "\"${PODS_ROOT}/Target Support Files/Pods-Berkeley_AI_Hackathon/Pods-Berkeley_AI_Hackathon-frameworks.sh\"\n";
			showEnvVarsInLog = 0;
		};
/* End PBXShellScriptBuildPhase section */

/* Begin PBXSourcesBuildPhase section */
		2E57972F2C27696A004B737F /* Sources */ = {
			isa = PBXSourcesBuildPhase;
			buildActionMask = 2147483647;
			files = (
				2EB9CB1F2C87E1FE00C6FC56 /* PerplexityViewModel.swift in Sources */,
				2E57976D2C27DB8B004B737F /* Configurations.swift in Sources */,
				2E5797392C27696A004B737F /* ContentView.swift in Sources */,
				2E5797372C27696A004B737F /* Berkeley_AI_HackathonApp.swift in Sources */,
				2EB9CB1D2C87DEBF00C6FC56 /* PerplexityAPIClient.swift in Sources */,
				2E5797512C27939E004B737F /* Home.swift in Sources */,
				2E5797712C27E0AA004B737F /* ConfigurationsView.swift in Sources */,
				2E5797782C27EF6F004B737F /* WhatisXResponse.swift in Sources */,
				2EB9CB212C87E23300C6FC56 /* PerplexityView.swift in Sources */,
				2E57976B2C27DA58004B737F /* Message.swift in Sources */,
				2E5797742C27E831004B737F /* LearningPlatforms.swift in Sources */,
				2E57975E2C27B06A004B737F /* Settings.swift in Sources */,
				2E57976F2C27DD08004B737F /* ProblemSeshChat.swift in Sources */,
				2EB9CB252C88817600C6FC56 /* DataStore.swift in Sources */,
				2EB9CB282C88A4E500C6FC56 /* SpeechRecognizer.swift in Sources */,
				2E5797602C27B15A004B737F /* GrowthSpace.swift in Sources */,
				2EB9CB2C2C894A4800C6FC56 /* AudioRecorder.swift in Sources */,
				2EBB07462C3F7A440063FE15 /* DefaultEnvironmentModel.swift in Sources */,
				2EBB07482C3F7A770063FE15 /* GrowthSpaceModel.swift in Sources */,
				2EB9CB232C881C6000C6FC56 /* ConfigurationsViewModel.swift in Sources */,
				2EBB073D2C3F5DB60063FE15 /* FunctionsTesting.swift in Sources */,
				2E57975C2C27987F004B737F /* DefaultEnvironment.swift in Sources */,
			);
			runOnlyForDeploymentPostprocessing = 0;
		};
		2EBB072D2C3F5BE20063FE15 /* Sources */ = {
			isa = PBXSourcesBuildPhase;
			buildActionMask = 2147483647;
			files = (
				2EBB07342C3F5BE20063FE15 /* Berkeley_AI_HackathonTests.swift in Sources */,
			);
			runOnlyForDeploymentPostprocessing = 0;
		};
/* End PBXSourcesBuildPhase section */

/* Begin PBXTargetDependency section */
		2EBB07362C3F5BE20063FE15 /* PBXTargetDependency */ = {
			isa = PBXTargetDependency;
			target = 2E5797322C27696A004B737F /* Berkeley_AI_Hackathon */;
			targetProxy = 2EBB07352C3F5BE20063FE15 /* PBXContainerItemProxy */;
		};
/* End PBXTargetDependency section */

/* Begin XCBuildConfiguration section */
		2E57973F2C27696B004B737F /* Debug */ = {
			isa = XCBuildConfiguration;
			buildSettings = {
				ALWAYS_SEARCH_USER_PATHS = NO;
				ASSETCATALOG_COMPILER_GENERATE_SWIFT_ASSET_SYMBOL_EXTENSIONS = YES;
				CLANG_ANALYZER_NONNULL = YES;
				CLANG_ANALYZER_NUMBER_OBJECT_CONVERSION = YES_AGGRESSIVE;
				CLANG_CXX_LANGUAGE_STANDARD = "gnu++20";
				CLANG_ENABLE_MODULES = YES;
				CLANG_ENABLE_OBJC_ARC = YES;
				CLANG_ENABLE_OBJC_WEAK = YES;
				CLANG_WARN_BLOCK_CAPTURE_AUTORELEASING = YES;
				CLANG_WARN_BOOL_CONVERSION = YES;
				CLANG_WARN_COMMA = YES;
				CLANG_WARN_CONSTANT_CONVERSION = YES;
				CLANG_WARN_DEPRECATED_OBJC_IMPLEMENTATIONS = YES;
				CLANG_WARN_DIRECT_OBJC_ISA_USAGE = YES_ERROR;
				CLANG_WARN_DOCUMENTATION_COMMENTS = YES;
				CLANG_WARN_EMPTY_BODY = YES;
				CLANG_WARN_ENUM_CONVERSION = YES;
				CLANG_WARN_INFINITE_RECURSION = YES;
				CLANG_WARN_INT_CONVERSION = YES;
				CLANG_WARN_NON_LITERAL_NULL_CONVERSION = YES;
				CLANG_WARN_OBJC_IMPLICIT_RETAIN_SELF = YES;
				CLANG_WARN_OBJC_LITERAL_CONVERSION = YES;
				CLANG_WARN_OBJC_ROOT_CLASS = YES_ERROR;
				CLANG_WARN_QUOTED_INCLUDE_IN_FRAMEWORK_HEADER = YES;
				CLANG_WARN_RANGE_LOOP_ANALYSIS = YES;
				CLANG_WARN_STRICT_PROTOTYPES = YES;
				CLANG_WARN_SUSPICIOUS_MOVE = YES;
				CLANG_WARN_UNGUARDED_AVAILABILITY = YES_AGGRESSIVE;
				CLANG_WARN_UNREACHABLE_CODE = YES;
				CLANG_WARN__DUPLICATE_METHOD_MATCH = YES;
				COPY_PHASE_STRIP = NO;
				DEBUG_INFORMATION_FORMAT = dwarf;
				ENABLE_STRICT_OBJC_MSGSEND = YES;
				ENABLE_TESTABILITY = YES;
				ENABLE_USER_SCRIPT_SANDBOXING = NO;
				GCC_C_LANGUAGE_STANDARD = gnu17;
				GCC_DYNAMIC_NO_PIC = NO;
				GCC_NO_COMMON_BLOCKS = YES;
				GCC_OPTIMIZATION_LEVEL = 0;
				GCC_PREPROCESSOR_DEFINITIONS = (
					"DEBUG=1",
					"$(inherited)",
				);
				GCC_WARN_64_TO_32_BIT_CONVERSION = YES;
				GCC_WARN_ABOUT_RETURN_TYPE = YES_ERROR;
				GCC_WARN_UNDECLARED_SELECTOR = YES;
				GCC_WARN_UNINITIALIZED_AUTOS = YES_AGGRESSIVE;
				GCC_WARN_UNUSED_FUNCTION = YES;
				GCC_WARN_UNUSED_VARIABLE = YES;
				IPHONEOS_DEPLOYMENT_TARGET = 17.0;
				LOCALIZATION_PREFERS_STRING_CATALOGS = YES;
				MTL_ENABLE_DEBUG_INFO = INCLUDE_SOURCE;
				MTL_FAST_MATH = YES;
				ONLY_ACTIVE_ARCH = YES;
				SDKROOT = iphoneos;
				SWIFT_ACTIVE_COMPILATION_CONDITIONS = "DEBUG $(inherited)";
				SWIFT_OPTIMIZATION_LEVEL = "-Onone";
			};
			name = Debug;
		};
		2E5797402C27696B004B737F /* Release */ = {
			isa = XCBuildConfiguration;
			buildSettings = {
				ALWAYS_SEARCH_USER_PATHS = NO;
				ASSETCATALOG_COMPILER_GENERATE_SWIFT_ASSET_SYMBOL_EXTENSIONS = YES;
				CLANG_ANALYZER_NONNULL = YES;
				CLANG_ANALYZER_NUMBER_OBJECT_CONVERSION = YES_AGGRESSIVE;
				CLANG_CXX_LANGUAGE_STANDARD = "gnu++20";
				CLANG_ENABLE_MODULES = YES;
				CLANG_ENABLE_OBJC_ARC = YES;
				CLANG_ENABLE_OBJC_WEAK = YES;
				CLANG_WARN_BLOCK_CAPTURE_AUTORELEASING = YES;
				CLANG_WARN_BOOL_CONVERSION = YES;
				CLANG_WARN_COMMA = YES;
				CLANG_WARN_CONSTANT_CONVERSION = YES;
				CLANG_WARN_DEPRECATED_OBJC_IMPLEMENTATIONS = YES;
				CLANG_WARN_DIRECT_OBJC_ISA_USAGE = YES_ERROR;
				CLANG_WARN_DOCUMENTATION_COMMENTS = YES;
				CLANG_WARN_EMPTY_BODY = YES;
				CLANG_WARN_ENUM_CONVERSION = YES;
				CLANG_WARN_INFINITE_RECURSION = YES;
				CLANG_WARN_INT_CONVERSION = YES;
				CLANG_WARN_NON_LITERAL_NULL_CONVERSION = YES;
				CLANG_WARN_OBJC_IMPLICIT_RETAIN_SELF = YES;
				CLANG_WARN_OBJC_LITERAL_CONVERSION = YES;
				CLANG_WARN_OBJC_ROOT_CLASS = YES_ERROR;
				CLANG_WARN_QUOTED_INCLUDE_IN_FRAMEWORK_HEADER = YES;
				CLANG_WARN_RANGE_LOOP_ANALYSIS = YES;
				CLANG_WARN_STRICT_PROTOTYPES = YES;
				CLANG_WARN_SUSPICIOUS_MOVE = YES;
				CLANG_WARN_UNGUARDED_AVAILABILITY = YES_AGGRESSIVE;
				CLANG_WARN_UNREACHABLE_CODE = YES;
				CLANG_WARN__DUPLICATE_METHOD_MATCH = YES;
				COPY_PHASE_STRIP = NO;
				DEBUG_INFORMATION_FORMAT = "dwarf-with-dsym";
				ENABLE_NS_ASSERTIONS = NO;
				ENABLE_STRICT_OBJC_MSGSEND = YES;
				ENABLE_USER_SCRIPT_SANDBOXING = NO;
				GCC_C_LANGUAGE_STANDARD = gnu17;
				GCC_NO_COMMON_BLOCKS = YES;
				GCC_WARN_64_TO_32_BIT_CONVERSION = YES;
				GCC_WARN_ABOUT_RETURN_TYPE = YES_ERROR;
				GCC_WARN_UNDECLARED_SELECTOR = YES;
				GCC_WARN_UNINITIALIZED_AUTOS = YES_AGGRESSIVE;
				GCC_WARN_UNUSED_FUNCTION = YES;
				GCC_WARN_UNUSED_VARIABLE = YES;
				IPHONEOS_DEPLOYMENT_TARGET = 17.0;
				LOCALIZATION_PREFERS_STRING_CATALOGS = YES;
				MTL_ENABLE_DEBUG_INFO = NO;
				MTL_FAST_MATH = YES;
				SDKROOT = iphoneos;
				SWIFT_COMPILATION_MODE = wholemodule;
				VALIDATE_PRODUCT = YES;
			};
			name = Release;
		};
		2E5797422C27696B004B737F /* Debug */ = {
			isa = XCBuildConfiguration;
			baseConfigurationReference = 1D0E7E3979E8286F084BB941 /* Pods-Berkeley_AI_Hackathon.debug.xcconfig */;
			buildSettings = {
				ASSETCATALOG_COMPILER_APPICON_NAME = AppIcon;
				ASSETCATALOG_COMPILER_GLOBAL_ACCENT_COLOR_NAME = AccentColor;
				CODE_SIGN_STYLE = Automatic;
				CURRENT_PROJECT_VERSION = 1;
				DEVELOPMENT_ASSET_PATHS = "\"Berkeley_AI_Hackathon/Preview Content\"";
				DEVELOPMENT_TEAM = ZBGGP4D9H5;
				ENABLE_PREVIEWS = YES;
				GENERATE_INFOPLIST_FILE = YES;
				INFOPLIST_KEY_NSMicrophoneUsageDescription = Yes;
				INFOPLIST_KEY_UIApplicationSceneManifest_Generation = YES;
				INFOPLIST_KEY_UIApplicationSupportsIndirectInputEvents = YES;
				INFOPLIST_KEY_UILaunchScreen_Generation = YES;
				INFOPLIST_KEY_UISupportedInterfaceOrientations_iPad = "UIInterfaceOrientationPortrait UIInterfaceOrientationPortraitUpsideDown UIInterfaceOrientationLandscapeLeft UIInterfaceOrientationLandscapeRight";
				INFOPLIST_KEY_UISupportedInterfaceOrientations_iPhone = "UIInterfaceOrientationPortrait UIInterfaceOrientationLandscapeLeft UIInterfaceOrientationLandscapeRight";
				LD_RUNPATH_SEARCH_PATHS = (
					"$(inherited)",
					"@executable_path/Frameworks",
				);
				MARKETING_VERSION = 1.0;
				PRODUCT_BUNDLE_IDENTIFIER = ".io.charlesliggins.Berkeley-AI-Hackathon";
				PRODUCT_NAME = "$(TARGET_NAME)";
				SWIFT_EMIT_LOC_STRINGS = YES;
				SWIFT_VERSION = 5.0;
				TARGETED_DEVICE_FAMILY = "1,2";
			};
			name = Debug;
		};
		2E5797432C27696B004B737F /* Release */ = {
			isa = XCBuildConfiguration;
			baseConfigurationReference = 73410D8637E7D4AC4082134E /* Pods-Berkeley_AI_Hackathon.release.xcconfig */;
			buildSettings = {
				ASSETCATALOG_COMPILER_APPICON_NAME = AppIcon;
				ASSETCATALOG_COMPILER_GLOBAL_ACCENT_COLOR_NAME = AccentColor;
				CODE_SIGN_STYLE = Automatic;
				CURRENT_PROJECT_VERSION = 1;
				DEVELOPMENT_ASSET_PATHS = "\"Berkeley_AI_Hackathon/Preview Content\"";
				DEVELOPMENT_TEAM = ZBGGP4D9H5;
				ENABLE_PREVIEWS = YES;
				GENERATE_INFOPLIST_FILE = YES;
				INFOPLIST_KEY_NSMicrophoneUsageDescription = Yes;
				INFOPLIST_KEY_UIApplicationSceneManifest_Generation = YES;
				INFOPLIST_KEY_UIApplicationSupportsIndirectInputEvents = YES;
				INFOPLIST_KEY_UILaunchScreen_Generation = YES;
				INFOPLIST_KEY_UISupportedInterfaceOrientations_iPad = "UIInterfaceOrientationPortrait UIInterfaceOrientationPortraitUpsideDown UIInterfaceOrientationLandscapeLeft UIInterfaceOrientationLandscapeRight";
				INFOPLIST_KEY_UISupportedInterfaceOrientations_iPhone = "UIInterfaceOrientationPortrait UIInterfaceOrientationLandscapeLeft UIInterfaceOrientationLandscapeRight";
				LD_RUNPATH_SEARCH_PATHS = (
					"$(inherited)",
					"@executable_path/Frameworks",
				);
				MARKETING_VERSION = 1.0;
				PRODUCT_BUNDLE_IDENTIFIER = ".io.charlesliggins.Berkeley-AI-Hackathon";
				PRODUCT_NAME = "$(TARGET_NAME)";
				SWIFT_EMIT_LOC_STRINGS = YES;
				SWIFT_VERSION = 5.0;
				TARGETED_DEVICE_FAMILY = "1,2";
			};
			name = Release;
		};
		2EBB07372C3F5BE20063FE15 /* Debug */ = {
			isa = XCBuildConfiguration;
			buildSettings = {
				BUNDLE_LOADER = "$(TEST_HOST)";
				CODE_SIGN_STYLE = Automatic;
				CURRENT_PROJECT_VERSION = 1;
				DEVELOPMENT_TEAM = ZBGGP4D9H5;
				ENABLE_USER_SCRIPT_SANDBOXING = YES;
				GENERATE_INFOPLIST_FILE = YES;
				MARKETING_VERSION = 1.0;
				PRODUCT_BUNDLE_IDENTIFIER = "com.goodthings.Berkeley-AI-HackathonTests";
				PRODUCT_NAME = "$(TARGET_NAME)";
				SWIFT_EMIT_LOC_STRINGS = NO;
				SWIFT_VERSION = 5.0;
				TARGETED_DEVICE_FAMILY = "1,2";
				TEST_HOST = "$(BUILT_PRODUCTS_DIR)/Berkeley_AI_Hackathon.app/$(BUNDLE_EXECUTABLE_FOLDER_PATH)/Berkeley_AI_Hackathon";
			};
			name = Debug;
		};
		2EBB07382C3F5BE20063FE15 /* Release */ = {
			isa = XCBuildConfiguration;
			buildSettings = {
				BUNDLE_LOADER = "$(TEST_HOST)";
				CODE_SIGN_STYLE = Automatic;
				CURRENT_PROJECT_VERSION = 1;
				DEVELOPMENT_TEAM = ZBGGP4D9H5;
				ENABLE_USER_SCRIPT_SANDBOXING = YES;
				GENERATE_INFOPLIST_FILE = YES;
				MARKETING_VERSION = 1.0;
				PRODUCT_BUNDLE_IDENTIFIER = "com.goodthings.Berkeley-AI-HackathonTests";
				PRODUCT_NAME = "$(TARGET_NAME)";
				SWIFT_EMIT_LOC_STRINGS = NO;
				SWIFT_VERSION = 5.0;
				TARGETED_DEVICE_FAMILY = "1,2";
				TEST_HOST = "$(BUILT_PRODUCTS_DIR)/Berkeley_AI_Hackathon.app/$(BUNDLE_EXECUTABLE_FOLDER_PATH)/Berkeley_AI_Hackathon";
			};
			name = Release;
		};
/* End XCBuildConfiguration section */

/* Begin XCConfigurationList section */
		2E57972E2C27696A004B737F /* Build configuration list for PBXProject "Berkeley_AI_Hackathon" */ = {
			isa = XCConfigurationList;
			buildConfigurations = (
				2E57973F2C27696B004B737F /* Debug */,
				2E5797402C27696B004B737F /* Release */,
			);
			defaultConfigurationIsVisible = 0;
			defaultConfigurationName = Release;
		};
		2E5797412C27696B004B737F /* Build configuration list for PBXNativeTarget "Berkeley_AI_Hackathon" */ = {
			isa = XCConfigurationList;
			buildConfigurations = (
				2E5797422C27696B004B737F /* Debug */,
				2E5797432C27696B004B737F /* Release */,
			);
			defaultConfigurationIsVisible = 0;
			defaultConfigurationName = Release;
		};
		2EBB07392C3F5BE20063FE15 /* Build configuration list for PBXNativeTarget "Berkeley_AI_HackathonTests" */ = {
			isa = XCConfigurationList;
			buildConfigurations = (
				2EBB07372C3F5BE20063FE15 /* Debug */,
				2EBB07382C3F5BE20063FE15 /* Release */,
			);
			defaultConfigurationIsVisible = 0;
			defaultConfigurationName = Release;
		};
/* End XCConfigurationList section */
	};
	rootObject = 2E57972B2C27696A004B737F /* Project object */;
}
