// !$*UTF8*$!
{
	archiveVersion = 1;
	classes = {
	};
	objectVersion = 56;
	objects = {

/* Begin PBXBuildFile section */
		2E5797372C27696A004B737F /* Berkeley_AI_HackathonApp.swift in Sources */ = {isa = PBXBuildFile; fileRef = 2E5797362C27696A004B737F /* Berkeley_AI_HackathonApp.swift */; };
		2E5797392C27696A004B737F /* ContentView.swift in Sources */ = {isa = PBXBuildFile; fileRef = 2E5797382C27696A004B737F /* ContentView.swift */; };
		2E57973B2C27696B004B737F /* Assets.xcassets in Resources */ = {isa = PBXBuildFile; fileRef = 2E57973A2C27696B004B737F /* Assets.xcassets */; };
		2E57973E2C27696B004B737F /* Preview Assets.xcassets in Resources */ = {isa = PBXBuildFile; fileRef = 2E57973D2C27696B004B737F /* Preview Assets.xcassets */; };
		2E57974B2C2792CC004B737F /* TopLearningPlatforms.swift in Sources */ = {isa = PBXBuildFile; fileRef = 2E57974A2C2792CC004B737F /* TopLearningPlatforms.swift */; };
		2E57974D2C2792FA004B737F /* TopCommunities.swift in Sources */ = {isa = PBXBuildFile; fileRef = 2E57974C2C2792FA004B737F /* TopCommunities.swift */; };
		2E5797512C27939E004B737F /* Home.swift in Sources */ = {isa = PBXBuildFile; fileRef = 2E5797502C27939E004B737F /* Home.swift */; };
		2E57975A2C2797B1004B737F /* AuthViewModel.swift in Sources */ = {isa = PBXBuildFile; fileRef = 2E5797592C2797B1004B737F /* AuthViewModel.swift */; };
		2E57975C2C27987F004B737F /* DefaultEnvironment.swift in Sources */ = {isa = PBXBuildFile; fileRef = 2E57975B2C27987F004B737F /* DefaultEnvironment.swift */; };
		2E57975E2C27B06A004B737F /* Settings.swift in Sources */ = {isa = PBXBuildFile; fileRef = 2E57975D2C27B06A004B737F /* Settings.swift */; };
		2E5797602C27B15A004B737F /* GrowthSpace.swift in Sources */ = {isa = PBXBuildFile; fileRef = 2E57975F2C27B15A004B737F /* GrowthSpace.swift */; };
		2E5797632C27D9E0004B737F /* Alamofire in Frameworks */ = {isa = PBXBuildFile; productRef = 2E5797622C27D9E0004B737F /* Alamofire */; };
		2E5797652C27D9E0004B737F /* AlamofireDynamic in Frameworks */ = {isa = PBXBuildFile; productRef = 2E5797642C27D9E0004B737F /* AlamofireDynamic */; };
		2E5797682C27D9F1004B737F /* SDWebImageSwiftUI in Frameworks */ = {isa = PBXBuildFile; productRef = 2E5797672C27D9F1004B737F /* SDWebImageSwiftUI */; };
		2E57976B2C27DA58004B737F /* Message.swift in Sources */ = {isa = PBXBuildFile; fileRef = 2E57976A2C27DA58004B737F /* Message.swift */; };
		2E57976D2C27DB8B004B737F /* Configurations.swift in Sources */ = {isa = PBXBuildFile; fileRef = 2E57976C2C27DB8B004B737F /* Configurations.swift */; };
		2E57976F2C27DD08004B737F /* ProblemSeshChat.swift in Sources */ = {isa = PBXBuildFile; fileRef = 2E57976E2C27DD08004B737F /* ProblemSeshChat.swift */; };
		2E5797712C27E0AA004B737F /* ConfigurationsView.swift in Sources */ = {isa = PBXBuildFile; fileRef = 2E5797702C27E0AA004B737F /* ConfigurationsView.swift */; };
		2E5797742C27E831004B737F /* LearningPlatforms.swift in Sources */ = {isa = PBXBuildFile; fileRef = 2E5797732C27E831004B737F /* LearningPlatforms.swift */; };
		2E5797762C27E83D004B737F /* Communities.swift in Sources */ = {isa = PBXBuildFile; fileRef = 2E5797752C27E83D004B737F /* Communities.swift */; };
		2E5797782C27EF6F004B737F /* WhatisXResponse.swift in Sources */ = {isa = PBXBuildFile; fileRef = 2E5797772C27EF6F004B737F /* WhatisXResponse.swift */; };
/* End PBXBuildFile section */

/* Begin PBXCopyFilesBuildPhase section */
		2E57977A2C2835B0004B737F /* Embed Frameworks */ = {
			isa = PBXCopyFilesBuildPhase;
			buildActionMask = 2147483647;
			dstPath = "";
			dstSubfolderSpec = 10;
			files = (
			);
			name = "Embed Frameworks";
			runOnlyForDeploymentPostprocessing = 0;
		};
/* End PBXCopyFilesBuildPhase section */

/* Begin PBXFileReference section */
		2E5797332C27696A004B737F /* Berkeley_AI_Hackathon.app */ = {isa = PBXFileReference; explicitFileType = wrapper.application; includeInIndex = 0; path = Berkeley_AI_Hackathon.app; sourceTree = BUILT_PRODUCTS_DIR; };
		2E5797362C27696A004B737F /* Berkeley_AI_HackathonApp.swift */ = {isa = PBXFileReference; lastKnownFileType = sourcecode.swift; path = Berkeley_AI_HackathonApp.swift; sourceTree = "<group>"; };
		2E5797382C27696A004B737F /* ContentView.swift */ = {isa = PBXFileReference; lastKnownFileType = sourcecode.swift; path = ContentView.swift; sourceTree = "<group>"; };
		2E57973A2C27696B004B737F /* Assets.xcassets */ = {isa = PBXFileReference; lastKnownFileType = folder.assetcatalog; path = Assets.xcassets; sourceTree = "<group>"; };
		2E57973D2C27696B004B737F /* Preview Assets.xcassets */ = {isa = PBXFileReference; lastKnownFileType = folder.assetcatalog; path = "Preview Assets.xcassets"; sourceTree = "<group>"; };
		2E57974A2C2792CC004B737F /* TopLearningPlatforms.swift */ = {isa = PBXFileReference; lastKnownFileType = sourcecode.swift; path = TopLearningPlatforms.swift; sourceTree = "<group>"; };
		2E57974C2C2792FA004B737F /* TopCommunities.swift */ = {isa = PBXFileReference; lastKnownFileType = sourcecode.swift; path = TopCommunities.swift; sourceTree = "<group>"; };
		2E5797502C27939E004B737F /* Home.swift */ = {isa = PBXFileReference; lastKnownFileType = sourcecode.swift; path = Home.swift; sourceTree = "<group>"; };
		2E5797592C2797B1004B737F /* AuthViewModel.swift */ = {isa = PBXFileReference; lastKnownFileType = sourcecode.swift; path = AuthViewModel.swift; sourceTree = "<group>"; };
		2E57975B2C27987F004B737F /* DefaultEnvironment.swift */ = {isa = PBXFileReference; lastKnownFileType = sourcecode.swift; path = DefaultEnvironment.swift; sourceTree = "<group>"; };
		2E57975D2C27B06A004B737F /* Settings.swift */ = {isa = PBXFileReference; lastKnownFileType = sourcecode.swift; path = Settings.swift; sourceTree = "<group>"; };
		2E57975F2C27B15A004B737F /* GrowthSpace.swift */ = {isa = PBXFileReference; lastKnownFileType = sourcecode.swift; path = GrowthSpace.swift; sourceTree = "<group>"; };
		2E57976A2C27DA58004B737F /* Message.swift */ = {isa = PBXFileReference; lastKnownFileType = sourcecode.swift; path = Message.swift; sourceTree = "<group>"; };
		2E57976C2C27DB8B004B737F /* Configurations.swift */ = {isa = PBXFileReference; lastKnownFileType = sourcecode.swift; path = Configurations.swift; sourceTree = "<group>"; };
		2E57976E2C27DD08004B737F /* ProblemSeshChat.swift */ = {isa = PBXFileReference; lastKnownFileType = sourcecode.swift; path = ProblemSeshChat.swift; sourceTree = "<group>"; };
		2E5797702C27E0AA004B737F /* ConfigurationsView.swift */ = {isa = PBXFileReference; lastKnownFileType = sourcecode.swift; path = ConfigurationsView.swift; sourceTree = "<group>"; };
		2E5797732C27E831004B737F /* LearningPlatforms.swift */ = {isa = PBXFileReference; lastKnownFileType = sourcecode.swift; path = LearningPlatforms.swift; sourceTree = "<group>"; };
		2E5797752C27E83D004B737F /* Communities.swift */ = {isa = PBXFileReference; lastKnownFileType = sourcecode.swift; path = Communities.swift; sourceTree = "<group>"; };
		2E5797772C27EF6F004B737F /* WhatisXResponse.swift */ = {isa = PBXFileReference; lastKnownFileType = sourcecode.swift; path = WhatisXResponse.swift; sourceTree = "<group>"; };
/* End PBXFileReference section */

/* Begin PBXFrameworksBuildPhase section */
		2E5797302C27696A004B737F /* Frameworks */ = {
			isa = PBXFrameworksBuildPhase;
			buildActionMask = 2147483647;
			files = (
				2E5797682C27D9F1004B737F /* SDWebImageSwiftUI in Frameworks */,
				2E5797632C27D9E0004B737F /* Alamofire in Frameworks */,
				2E5797652C27D9E0004B737F /* AlamofireDynamic in Frameworks */,
			);
			runOnlyForDeploymentPostprocessing = 0;
		};
/* End PBXFrameworksBuildPhase section */

/* Begin PBXGroup section */
		2E57972A2C27696A004B737F = {
			isa = PBXGroup;
			children = (
				2E5797352C27696A004B737F /* Berkeley_AI_Hackathon */,
				2E5797342C27696A004B737F /* Products */,
			);
			sourceTree = "<group>";
		};
		2E5797342C27696A004B737F /* Products */ = {
			isa = PBXGroup;
			children = (
				2E5797332C27696A004B737F /* Berkeley_AI_Hackathon.app */,
			);
			name = Products;
			sourceTree = "<group>";
		};
		2E5797352C27696A004B737F /* Berkeley_AI_Hackathon */ = {
			isa = PBXGroup;
			children = (
				2E5797362C27696A004B737F /* Berkeley_AI_HackathonApp.swift */,
				2E5797472C27926D004B737F /* Growth Space */,
				2E5797582C279792004B737F /* Learning Mode */,
				2E5797522C2795D8004B737F /* Model */,
				2E5797462C279253004B737F /* Settings */,
				2E5797532C279631004B737F /* Root */,
				2E5797452C276A19004B737F /* Home */,
				2E57973A2C27696B004B737F /* Assets.xcassets */,
				2E57973C2C27696B004B737F /* Preview Content */,
			);
			path = Berkeley_AI_Hackathon;
			sourceTree = "<group>";
		};
		2E57973C2C27696B004B737F /* Preview Content */ = {
			isa = PBXGroup;
			children = (
				2E57973D2C27696B004B737F /* Preview Assets.xcassets */,
			);
			path = "Preview Content";
			sourceTree = "<group>";
		};
		2E5797452C276A19004B737F /* Home */ = {
			isa = PBXGroup;
			children = (
				2E5797502C27939E004B737F /* Home.swift */,
			);
			path = Home;
			sourceTree = "<group>";
		};
		2E5797462C279253004B737F /* Settings */ = {
			isa = PBXGroup;
			children = (
				2E57975D2C27B06A004B737F /* Settings.swift */,
				2E5797702C27E0AA004B737F /* ConfigurationsView.swift */,
			);
			path = Settings;
			sourceTree = "<group>";
		};
		2E5797472C27926D004B737F /* Growth Space */ = {
			isa = PBXGroup;
			children = (
				2E57974A2C2792CC004B737F /* TopLearningPlatforms.swift */,
				2E57975F2C27B15A004B737F /* GrowthSpace.swift */,
				2E57974C2C2792FA004B737F /* TopCommunities.swift */,
				2E5797722C27E7FB004B737F /* Major */,
				2E5797482C27928B004B737F /* Problem Session */,
			);
			path = "Growth Space";
			sourceTree = "<group>";
		};
		2E5797482C27928B004B737F /* Problem Session */ = {
			isa = PBXGroup;
			children = (
				2E57976E2C27DD08004B737F /* ProblemSeshChat.swift */,
			);
			path = "Problem Session";
			sourceTree = "<group>";
		};
		2E5797522C2795D8004B737F /* Model */ = {
			isa = PBXGroup;
			children = (
				2E5797592C2797B1004B737F /* AuthViewModel.swift */,
				2E5797692C27DA3D004B737F /* Models */,
			);
			path = Model;
			sourceTree = "<group>";
		};
		2E5797532C279631004B737F /* Root */ = {
			isa = PBXGroup;
			children = (
				2E5797382C27696A004B737F /* ContentView.swift */,
			);
			path = Root;
			sourceTree = "<group>";
		};
		2E5797582C279792004B737F /* Learning Mode */ = {
			isa = PBXGroup;
			children = (
				2E57975B2C27987F004B737F /* DefaultEnvironment.swift */,
			);
			path = "Learning Mode";
			sourceTree = "<group>";
		};
		2E5797692C27DA3D004B737F /* Models */ = {
			isa = PBXGroup;
			children = (
				2E57976A2C27DA58004B737F /* Message.swift */,
				2E5797772C27EF6F004B737F /* WhatisXResponse.swift */,
				2E57976C2C27DB8B004B737F /* Configurations.swift */,
			);
			path = Models;
			sourceTree = "<group>";
		};
		2E5797722C27E7FB004B737F /* Major */ = {
			isa = PBXGroup;
			children = (
				2E5797732C27E831004B737F /* LearningPlatforms.swift */,
				2E5797752C27E83D004B737F /* Communities.swift */,
			);
			path = Major;
			sourceTree = "<group>";
		};
/* End PBXGroup section */

/* Begin PBXNativeTarget section */
		2E5797322C27696A004B737F /* Berkeley_AI_Hackathon */ = {
			isa = PBXNativeTarget;
			buildConfigurationList = 2E5797412C27696B004B737F /* Build configuration list for PBXNativeTarget "Berkeley_AI_Hackathon" */;
			buildPhases = (
				2E57972F2C27696A004B737F /* Sources */,
				2E5797302C27696A004B737F /* Frameworks */,
				2E5797312C27696A004B737F /* Resources */,
				2E57977A2C2835B0004B737F /* Embed Frameworks */,
			);
			buildRules = (
			);
			dependencies = (
			);
			name = Berkeley_AI_Hackathon;
			packageProductDependencies = (
				2E5797622C27D9E0004B737F /* Alamofire */,
				2E5797642C27D9E0004B737F /* AlamofireDynamic */,
				2E5797672C27D9F1004B737F /* SDWebImageSwiftUI */,
			);
			productName = Berkeley_AI_Hackathon;
			productReference = 2E5797332C27696A004B737F /* Berkeley_AI_Hackathon.app */;
			productType = "com.apple.product-type.application";
		};
/* End PBXNativeTarget section */

/* Begin PBXProject section */
		2E57972B2C27696A004B737F /* Project object */ = {
			isa = PBXProject;
			attributes = {
				BuildIndependentTargetsInParallel = 1;
				LastSwiftUpdateCheck = 1500;
				LastUpgradeCheck = 1500;
				TargetAttributes = {
					2E5797322C27696A004B737F = {
						CreatedOnToolsVersion = 15.0;
					};
				};
			};
			buildConfigurationList = 2E57972E2C27696A004B737F /* Build configuration list for PBXProject "Berkeley_AI_Hackathon" */;
			compatibilityVersion = "Xcode 14.0";
			developmentRegion = en;
			hasScannedForEncodings = 0;
			knownRegions = (
				en,
				Base,
			);
			mainGroup = 2E57972A2C27696A004B737F;
			packageReferences = (
				2E5797612C27D9E0004B737F /* XCRemoteSwiftPackageReference "Alamofire" */,
				2E5797662C27D9F1004B737F /* XCRemoteSwiftPackageReference "SDWebImageSwiftUI" */,
			);
			productRefGroup = 2E5797342C27696A004B737F /* Products */;
			projectDirPath = "";
			projectRoot = "";
			targets = (
				2E5797322C27696A004B737F /* Berkeley_AI_Hackathon */,
			);
		};
/* End PBXProject section */

/* Begin PBXResourcesBuildPhase section */
		2E5797312C27696A004B737F /* Resources */ = {
			isa = PBXResourcesBuildPhase;
			buildActionMask = 2147483647;
			files = (
				2E57973E2C27696B004B737F /* Preview Assets.xcassets in Resources */,
				2E57973B2C27696B004B737F /* Assets.xcassets in Resources */,
			);
			runOnlyForDeploymentPostprocessing = 0;
		};
/* End PBXResourcesBuildPhase section */

/* Begin PBXSourcesBuildPhase section */
		2E57972F2C27696A004B737F /* Sources */ = {
			isa = PBXSourcesBuildPhase;
			buildActionMask = 2147483647;
			files = (
				2E57974B2C2792CC004B737F /* TopLearningPlatforms.swift in Sources */,
				2E57976D2C27DB8B004B737F /* Configurations.swift in Sources */,
				2E5797392C27696A004B737F /* ContentView.swift in Sources */,
				2E57975A2C2797B1004B737F /* AuthViewModel.swift in Sources */,
				2E5797372C27696A004B737F /* Berkeley_AI_HackathonApp.swift in Sources */,
				2E5797512C27939E004B737F /* Home.swift in Sources */,
				2E5797712C27E0AA004B737F /* ConfigurationsView.swift in Sources */,
				2E5797782C27EF6F004B737F /* WhatisXResponse.swift in Sources */,
				2E57976B2C27DA58004B737F /* Message.swift in Sources */,
				2E5797742C27E831004B737F /* LearningPlatforms.swift in Sources */,
				2E57975E2C27B06A004B737F /* Settings.swift in Sources */,
				2E57976F2C27DD08004B737F /* ProblemSeshChat.swift in Sources */,
				2E5797602C27B15A004B737F /* GrowthSpace.swift in Sources */,
				2E57974D2C2792FA004B737F /* TopCommunities.swift in Sources */,
				2E5797762C27E83D004B737F /* Communities.swift in Sources */,
				2E57975C2C27987F004B737F /* DefaultEnvironment.swift in Sources */,
			);
			runOnlyForDeploymentPostprocessing = 0;
		};
/* End PBXSourcesBuildPhase section */

/* Begin XCBuildConfiguration section */
		2E57973F2C27696B004B737F /* Debug */ = {
			isa = XCBuildConfiguration;
			buildSettings = {
				ALWAYS_SEARCH_USER_PATHS = NO;
				ASSETCATALOG_COMPILER_GENERATE_SWIFT_ASSET_SYMBOL_EXTENSIONS = YES;
				CLANG_ANALYZER_NONNULL = YES;
				CLANG_ANALYZER_NUMBER_OBJECT_CONVERSION = YES_AGGRESSIVE;
				CLANG_CXX_LANGUAGE_STANDARD = "gnu++20";
				CLANG_ENABLE_MODULES = YES;
				CLANG_ENABLE_OBJC_ARC = YES;
				CLANG_ENABLE_OBJC_WEAK = YES;
				CLANG_WARN_BLOCK_CAPTURE_AUTORELEASING = YES;
				CLANG_WARN_BOOL_CONVERSION = YES;
				CLANG_WARN_COMMA = YES;
				CLANG_WARN_CONSTANT_CONVERSION = YES;
				CLANG_WARN_DEPRECATED_OBJC_IMPLEMENTATIONS = YES;
				CLANG_WARN_DIRECT_OBJC_ISA_USAGE = YES_ERROR;
				CLANG_WARN_DOCUMENTATION_COMMENTS = YES;
				CLANG_WARN_EMPTY_BODY = YES;
				CLANG_WARN_ENUM_CONVERSION = YES;
				CLANG_WARN_INFINITE_RECURSION = YES;
				CLANG_WARN_INT_CONVERSION = YES;
				CLANG_WARN_NON_LITERAL_NULL_CONVERSION = YES;
				CLANG_WARN_OBJC_IMPLICIT_RETAIN_SELF = YES;
				CLANG_WARN_OBJC_LITERAL_CONVERSION = YES;
				CLANG_WARN_OBJC_ROOT_CLASS = YES_ERROR;
				CLANG_WARN_QUOTED_INCLUDE_IN_FRAMEWORK_HEADER = YES;
				CLANG_WARN_RANGE_LOOP_ANALYSIS = YES;
				CLANG_WARN_STRICT_PROTOTYPES = YES;
				CLANG_WARN_SUSPICIOUS_MOVE = YES;
				CLANG_WARN_UNGUARDED_AVAILABILITY = YES_AGGRESSIVE;
				CLANG_WARN_UNREACHABLE_CODE = YES;
				CLANG_WARN__DUPLICATE_METHOD_MATCH = YES;
				COPY_PHASE_STRIP = NO;
				DEBUG_INFORMATION_FORMAT = dwarf;
				ENABLE_STRICT_OBJC_MSGSEND = YES;
				ENABLE_TESTABILITY = YES;
				ENABLE_USER_SCRIPT_SANDBOXING = YES;
				GCC_C_LANGUAGE_STANDARD = gnu17;
				GCC_DYNAMIC_NO_PIC = NO;
				GCC_NO_COMMON_BLOCKS = YES;
				GCC_OPTIMIZATION_LEVEL = 0;
				GCC_PREPROCESSOR_DEFINITIONS = (
					"DEBUG=1",
					"$(inherited)",
				);
				GCC_WARN_64_TO_32_BIT_CONVERSION = YES;
				GCC_WARN_ABOUT_RETURN_TYPE = YES_ERROR;
				GCC_WARN_UNDECLARED_SELECTOR = YES;
				GCC_WARN_UNINITIALIZED_AUTOS = YES_AGGRESSIVE;
				GCC_WARN_UNUSED_FUNCTION = YES;
				GCC_WARN_UNUSED_VARIABLE = YES;
				IPHONEOS_DEPLOYMENT_TARGET = 17.0;
				LOCALIZATION_PREFERS_STRING_CATALOGS = YES;
				MTL_ENABLE_DEBUG_INFO = INCLUDE_SOURCE;
				MTL_FAST_MATH = YES;
				ONLY_ACTIVE_ARCH = YES;
				SDKROOT = iphoneos;
				SWIFT_ACTIVE_COMPILATION_CONDITIONS = "DEBUG $(inherited)";
				SWIFT_OPTIMIZATION_LEVEL = "-Onone";
			};
			name = Debug;
		};
		2E5797402C27696B004B737F /* Release */ = {
			isa = XCBuildConfiguration;
			buildSettings = {
				ALWAYS_SEARCH_USER_PATHS = NO;
				ASSETCATALOG_COMPILER_GENERATE_SWIFT_ASSET_SYMBOL_EXTENSIONS = YES;
				CLANG_ANALYZER_NONNULL = YES;
				CLANG_ANALYZER_NUMBER_OBJECT_CONVERSION = YES_AGGRESSIVE;
				CLANG_CXX_LANGUAGE_STANDARD = "gnu++20";
				CLANG_ENABLE_MODULES = YES;
				CLANG_ENABLE_OBJC_ARC = YES;
				CLANG_ENABLE_OBJC_WEAK = YES;
				CLANG_WARN_BLOCK_CAPTURE_AUTORELEASING = YES;
				CLANG_WARN_BOOL_CONVERSION = YES;
				CLANG_WARN_COMMA = YES;
				CLANG_WARN_CONSTANT_CONVERSION = YES;
				CLANG_WARN_DEPRECATED_OBJC_IMPLEMENTATIONS = YES;
				CLANG_WARN_DIRECT_OBJC_ISA_USAGE = YES_ERROR;
				CLANG_WARN_DOCUMENTATION_COMMENTS = YES;
				CLANG_WARN_EMPTY_BODY = YES;
				CLANG_WARN_ENUM_CONVERSION = YES;
				CLANG_WARN_INFINITE_RECURSION = YES;
				CLANG_WARN_INT_CONVERSION = YES;
				CLANG_WARN_NON_LITERAL_NULL_CONVERSION = YES;
				CLANG_WARN_OBJC_IMPLICIT_RETAIN_SELF = YES;
				CLANG_WARN_OBJC_LITERAL_CONVERSION = YES;
				CLANG_WARN_OBJC_ROOT_CLASS = YES_ERROR;
				CLANG_WARN_QUOTED_INCLUDE_IN_FRAMEWORK_HEADER = YES;
				CLANG_WARN_RANGE_LOOP_ANALYSIS = YES;
				CLANG_WARN_STRICT_PROTOTYPES = YES;
				CLANG_WARN_SUSPICIOUS_MOVE = YES;
				CLANG_WARN_UNGUARDED_AVAILABILITY = YES_AGGRESSIVE;
				CLANG_WARN_UNREACHABLE_CODE = YES;
				CLANG_WARN__DUPLICATE_METHOD_MATCH = YES;
				COPY_PHASE_STRIP = NO;
				DEBUG_INFORMATION_FORMAT = "dwarf-with-dsym";
				ENABLE_NS_ASSERTIONS = NO;
				ENABLE_STRICT_OBJC_MSGSEND = YES;
				ENABLE_USER_SCRIPT_SANDBOXING = YES;
				GCC_C_LANGUAGE_STANDARD = gnu17;
				GCC_NO_COMMON_BLOCKS = YES;
				GCC_WARN_64_TO_32_BIT_CONVERSION = YES;
				GCC_WARN_ABOUT_RETURN_TYPE = YES_ERROR;
				GCC_WARN_UNDECLARED_SELECTOR = YES;
				GCC_WARN_UNINITIALIZED_AUTOS = YES_AGGRESSIVE;
				GCC_WARN_UNUSED_FUNCTION = YES;
				GCC_WARN_UNUSED_VARIABLE = YES;
				IPHONEOS_DEPLOYMENT_TARGET = 17.0;
				LOCALIZATION_PREFERS_STRING_CATALOGS = YES;
				MTL_ENABLE_DEBUG_INFO = NO;
				MTL_FAST_MATH = YES;
				SDKROOT = iphoneos;
				SWIFT_COMPILATION_MODE = wholemodule;
				VALIDATE_PRODUCT = YES;
			};
			name = Release;
		};
		2E5797422C27696B004B737F /* Debug */ = {
			isa = XCBuildConfiguration;
			buildSettings = {
				ASSETCATALOG_COMPILER_APPICON_NAME = AppIcon;
				ASSETCATALOG_COMPILER_GLOBAL_ACCENT_COLOR_NAME = AccentColor;
				CODE_SIGN_STYLE = Automatic;
				CURRENT_PROJECT_VERSION = 1;
				DEVELOPMENT_ASSET_PATHS = "\"Berkeley_AI_Hackathon/Preview Content\"";
				DEVELOPMENT_TEAM = ZBGGP4D9H5;
				ENABLE_PREVIEWS = YES;
				GENERATE_INFOPLIST_FILE = YES;
				INFOPLIST_KEY_NSMicrophoneUsageDescription = Yes;
				INFOPLIST_KEY_UIApplicationSceneManifest_Generation = YES;
				INFOPLIST_KEY_UIApplicationSupportsIndirectInputEvents = YES;
				INFOPLIST_KEY_UILaunchScreen_Generation = YES;
				INFOPLIST_KEY_UISupportedInterfaceOrientations_iPad = "UIInterfaceOrientationPortrait UIInterfaceOrientationPortraitUpsideDown UIInterfaceOrientationLandscapeLeft UIInterfaceOrientationLandscapeRight";
				INFOPLIST_KEY_UISupportedInterfaceOrientations_iPhone = "UIInterfaceOrientationPortrait UIInterfaceOrientationLandscapeLeft UIInterfaceOrientationLandscapeRight";
				LD_RUNPATH_SEARCH_PATHS = (
					"$(inherited)",
					"@executable_path/Frameworks",
				);
				MARKETING_VERSION = 1.0;
				PRODUCT_BUNDLE_IDENTIFIER = "com.goodthings.Berkeley-AI-Hackathon";
				PRODUCT_NAME = "$(TARGET_NAME)";
				SWIFT_EMIT_LOC_STRINGS = YES;
				SWIFT_VERSION = 5.0;
				TARGETED_DEVICE_FAMILY = "1,2";
			};
			name = Debug;
		};
		2E5797432C27696B004B737F /* Release */ = {
			isa = XCBuildConfiguration;
			buildSettings = {
				ASSETCATALOG_COMPILER_APPICON_NAME = AppIcon;
				ASSETCATALOG_COMPILER_GLOBAL_ACCENT_COLOR_NAME = AccentColor;
				CODE_SIGN_STYLE = Automatic;
				CURRENT_PROJECT_VERSION = 1;
				DEVELOPMENT_ASSET_PATHS = "\"Berkeley_AI_Hackathon/Preview Content\"";
				DEVELOPMENT_TEAM = ZBGGP4D9H5;
				ENABLE_PREVIEWS = YES;
				GENERATE_INFOPLIST_FILE = YES;
				INFOPLIST_KEY_NSMicrophoneUsageDescription = Yes;
				INFOPLIST_KEY_UIApplicationSceneManifest_Generation = YES;
				INFOPLIST_KEY_UIApplicationSupportsIndirectInputEvents = YES;
				INFOPLIST_KEY_UILaunchScreen_Generation = YES;
				INFOPLIST_KEY_UISupportedInterfaceOrientations_iPad = "UIInterfaceOrientationPortrait UIInterfaceOrientationPortraitUpsideDown UIInterfaceOrientationLandscapeLeft UIInterfaceOrientationLandscapeRight";
				INFOPLIST_KEY_UISupportedInterfaceOrientations_iPhone = "UIInterfaceOrientationPortrait UIInterfaceOrientationLandscapeLeft UIInterfaceOrientationLandscapeRight";
				LD_RUNPATH_SEARCH_PATHS = (
					"$(inherited)",
					"@executable_path/Frameworks",
				);
				MARKETING_VERSION = 1.0;
				PRODUCT_BUNDLE_IDENTIFIER = "com.goodthings.Berkeley-AI-Hackathon";
				PRODUCT_NAME = "$(TARGET_NAME)";
				SWIFT_EMIT_LOC_STRINGS = YES;
				SWIFT_VERSION = 5.0;
				TARGETED_DEVICE_FAMILY = "1,2";
			};
			name = Release;
		};
/* End XCBuildConfiguration section */

/* Begin XCConfigurationList section */
		2E57972E2C27696A004B737F /* Build configuration list for PBXProject "Berkeley_AI_Hackathon" */ = {
			isa = XCConfigurationList;
			buildConfigurations = (
				2E57973F2C27696B004B737F /* Debug */,
				2E5797402C27696B004B737F /* Release */,
			);
			defaultConfigurationIsVisible = 0;
			defaultConfigurationName = Release;
		};
		2E5797412C27696B004B737F /* Build configuration list for PBXNativeTarget "Berkeley_AI_Hackathon" */ = {
			isa = XCConfigurationList;
			buildConfigurations = (
				2E5797422C27696B004B737F /* Debug */,
				2E5797432C27696B004B737F /* Release */,
			);
			defaultConfigurationIsVisible = 0;
			defaultConfigurationName = Release;
		};
/* End XCConfigurationList section */

/* Begin XCRemoteSwiftPackageReference section */
		2E5797612C27D9E0004B737F /* XCRemoteSwiftPackageReference "Alamofire" */ = {
			isa = XCRemoteSwiftPackageReference;
			repositoryURL = "https://github.com/Alamofire/Alamofire.git";
			requirement = {
				kind = upToNextMajorVersion;
				minimumVersion = 5.9.1;
			};
		};
		2E5797662C27D9F1004B737F /* XCRemoteSwiftPackageReference "SDWebImageSwiftUI" */ = {
			isa = XCRemoteSwiftPackageReference;
			repositoryURL = "https://github.com/SDWebImage/SDWebImageSwiftUI.git";
			requirement = {
				kind = upToNextMajorVersion;
				minimumVersion = 3.0.4;
			};
		};
/* End XCRemoteSwiftPackageReference section */

/* Begin XCSwiftPackageProductDependency section */
		2E5797622C27D9E0004B737F /* Alamofire */ = {
			isa = XCSwiftPackageProductDependency;
			package = 2E5797612C27D9E0004B737F /* XCRemoteSwiftPackageReference "Alamofire" */;
			productName = Alamofire;
		};
		2E5797642C27D9E0004B737F /* AlamofireDynamic */ = {
			isa = XCSwiftPackageProductDependency;
			package = 2E5797612C27D9E0004B737F /* XCRemoteSwiftPackageReference "Alamofire" */;
			productName = AlamofireDynamic;
		};
		2E5797672C27D9F1004B737F /* SDWebImageSwiftUI */ = {
			isa = XCSwiftPackageProductDependency;
			package = 2E5797662C27D9F1004B737F /* XCRemoteSwiftPackageReference "SDWebImageSwiftUI" */;
			productName = SDWebImageSwiftUI;
		};
/* End XCSwiftPackageProductDependency section */
	};
	rootObject = 2E57972B2C27696A004B737F /* Project object */;
}
